
Microsoft Visual Studio Solution File, Format Version 12.00
# Visual Studio Version 16
VisualStudioVersion = 16.0.31105.61
MinimumVisualStudioVersion = 10.0.40219.1
Project("{2150E333-8FDC-42A3-9474-1A3956D46DE8}") = "Domain Layer", "Domain Layer", "{1030053E-9F72-4971-B03D-10686272398E}"
EndProject
Project("{2150E333-8FDC-42A3-9474-1A3956D46DE8}") = "Infrastructure Layer", "Infrastructure Layer", "{C16E7110-EB47-4075-9CFE-CD7A295A48E3}"
EndProject
Project("{2150E333-8FDC-42A3-9474-1A3956D46DE8}") = "Services Layer", "Services Layer", "{38B44541-9A21-4B4B-9842-566601BB498B}"
EndProject
Project("{FAE04EC0-301F-11D3-BF4B-00C04F79EFBC}") = "GYS.SOL.CapaEntidad", "GYS.SOL.CapaEntidad\GYS.SOL.CapaEntidad.csproj", "{24A95FC2-C3FD-49EA-B303-EC05993FE8F8}"
EndProject
Project("{FAE04EC0-301F-11D3-BF4B-00C04F79EFBC}") = "GYS.SOL.CapaNegocio", "GYS.SOL.CapaNegocio\GYS.SOL.CapaNegocio.csproj", "{6ED29C43-E7B8-4503-B76F-B24932430193}"
EndProject
Project("{FAE04EC0-301F-11D3-BF4B-00C04F79EFBC}") = "GYS.SOL.Repositorio", "GYS.SOL.Repositorio\GYS.SOL.Repositorio.csproj", "{CF7199AF-61D4-4030-B36E-551763DFC452}"
EndProject
Project("{FAE04EC0-301F-11D3-BF4B-00C04F79EFBC}") = "GYS.SOL.SqlServer", "GYS.SOL.SqlServer\GYS.SOL.SqlServer.csproj", "{5AFC7681-8AA3-4970-8058-C118F7F60D02}"
EndProject
Project("{FAE04EC0-301F-11D3-BF4B-00C04F79EFBC}") = "GYS.SOL.Contracto", "GYS.SOL.Contracto\GYS.SOL.Contracto.csproj", "{E26BF0BC-7C81-4CB2-B9FC-A35107184D07}"
EndProject
Project("{FAE04EC0-301F-11D3-BF4B-00C04F79EFBC}") = "GYS.SOL.Implementacion", "GYS.SOL.Implementacion\GYS.SOL.Implementacion.csproj", "{E2C1F99F-0F0A-447D-85F4-C455BFE5F549}"
EndProject
Project("{FAE04EC0-301F-11D3-BF4B-00C04F79EFBC}") = "GYS.SOL.Servicio", "GYS.SOL.Servicio\GYS.SOL.Servicio.csproj", "{8AA7919B-560C-4B22-9E75-FFCF0F605119}"
EndProject
Global
	GlobalSection(SolutionConfigurationPlatforms) = preSolution
		Debug|Any CPU = Debug|Any CPU
		Release|Any CPU = Release|Any CPU
	EndGlobalSection
	GlobalSection(ProjectConfigurationPlatforms) = postSolution
		{24A95FC2-C3FD-49EA-B303-EC05993FE8F8}.Debug|Any CPU.ActiveCfg = Debug|Any CPU
		{24A95FC2-C3FD-49EA-B303-EC05993FE8F8}.Debug|Any CPU.Build.0 = Debug|Any CPU
		{24A95FC2-C3FD-49EA-B303-EC05993FE8F8}.Release|Any CPU.ActiveCfg = Release|Any CPU
		{24A95FC2-C3FD-49EA-B303-EC05993FE8F8}.Release|Any CPU.Build.0 = Release|Any CPU
		{6ED29C43-E7B8-4503-B76F-B24932430193}.Debug|Any CPU.ActiveCfg = Debug|Any CPU
		{6ED29C43-E7B8-4503-B76F-B24932430193}.Debug|Any CPU.Build.0 = Debug|Any CPU
		{6ED29C43-E7B8-4503-B76F-B24932430193}.Release|Any CPU.ActiveCfg = Release|Any CPU
		{6ED29C43-E7B8-4503-B76F-B24932430193}.Release|Any CPU.Build.0 = Release|Any CPU
		{CF7199AF-61D4-4030-B36E-551763DFC452}.Debug|Any CPU.ActiveCfg = Debug|Any CPU
		{CF7199AF-61D4-4030-B36E-551763DFC452}.Debug|Any CPU.Build.0 = Debug|Any CPU
		{CF7199AF-61D4-4030-B36E-551763DFC452}.Release|Any CPU.ActiveCfg = Release|Any CPU
		{CF7199AF-61D4-4030-B36E-551763DFC452}.Release|Any CPU.Build.0 = Release|Any CPU
		{5AFC7681-8AA3-4970-8058-C118F7F60D02}.Debug|Any CPU.ActiveCfg = Debug|Any CPU
		{5AFC7681-8AA3-4970-8058-C118F7F60D02}.Debug|Any CPU.Build.0 = Debug|Any CPU
		{5AFC7681-8AA3-4970-8058-C118F7F60D02}.Release|Any CPU.ActiveCfg = Release|Any CPU
		{5AFC7681-8AA3-4970-8058-C118F7F60D02}.Release|Any CPU.Build.0 = Release|Any CPU
		{E26BF0BC-7C81-4CB2-B9FC-A35107184D07}.Debug|Any CPU.ActiveCfg = Debug|Any CPU
		{E26BF0BC-7C81-4CB2-B9FC-A35107184D07}.Debug|Any CPU.Build.0 = Debug|Any CPU
		{E26BF0BC-7C81-4CB2-B9FC-A35107184D07}.Release|Any CPU.ActiveCfg = Release|Any CPU
		{E26BF0BC-7C81-4CB2-B9FC-A35107184D07}.Release|Any CPU.Build.0 = Release|Any CPU
		{E2C1F99F-0F0A-447D-85F4-C455BFE5F549}.Debug|Any CPU.ActiveCfg = Debug|Any CPU
		{E2C1F99F-0F0A-447D-85F4-C455BFE5F549}.Debug|Any CPU.Build.0 = Debug|Any CPU
		{E2C1F99F-0F0A-447D-85F4-C455BFE5F549}.Release|Any CPU.ActiveCfg = Release|Any CPU
		{E2C1F99F-0F0A-447D-85F4-C455BFE5F549}.Release|Any CPU.Build.0 = Release|Any CPU
		{8AA7919B-560C-4B22-9E75-FFCF0F605119}.Debug|Any CPU.ActiveCfg = Debug|Any CPU
		{8AA7919B-560C-4B22-9E75-FFCF0F605119}.Debug|Any CPU.Build.0 = Debug|Any CPU
		{8AA7919B-560C-4B22-9E75-FFCF0F605119}.Release|Any CPU.ActiveCfg = Release|Any CPU
		{8AA7919B-560C-4B22-9E75-FFCF0F605119}.Release|Any CPU.Build.0 = Release|Any CPU
	EndGlobalSection
	GlobalSection(SolutionProperties) = preSolution
		HideSolutionNode = FALSE
	EndGlobalSection
	GlobalSection(NestedProjects) = preSolution
		{24A95FC2-C3FD-49EA-B303-EC05993FE8F8} = {1030053E-9F72-4971-B03D-10686272398E}
		{6ED29C43-E7B8-4503-B76F-B24932430193} = {1030053E-9F72-4971-B03D-10686272398E}
		{CF7199AF-61D4-4030-B36E-551763DFC452} = {1030053E-9F72-4971-B03D-10686272398E}
		{5AFC7681-8AA3-4970-8058-C118F7F60D02} = {C16E7110-EB47-4075-9CFE-CD7A295A48E3}
		{E26BF0BC-7C81-4CB2-B9FC-A35107184D07} = {38B44541-9A21-4B4B-9842-566601BB498B}
		{E2C1F99F-0F0A-447D-85F4-C455BFE5F549} = {38B44541-9A21-4B4B-9842-566601BB498B}
		{8AA7919B-560C-4B22-9E75-FFCF0F605119} = {38B44541-9A21-4B4B-9842-566601BB498B}
	EndGlobalSection
	GlobalSection(ExtensibilityGlobals) = postSolution
		SolutionGuid = {D409EBCE-C789-4D48-839B-8ACFC94A4B7C}
	EndGlobalSection
EndGlobal
